// !$*UTF8*$!
{
	archiveVersion = 1;
	classes = {
	};
	objectVersion = 52;
	objects = {

/* Begin PBXBuildFile section */
		EC6A99CF243911F30090BB90 /* AppDelegate.swift in Sources */ = {isa = PBXBuildFile; fileRef = EC6A99CE243911F30090BB90 /* AppDelegate.swift */; };
		EC6A99D1243911F30090BB90 /* SceneDelegate.swift in Sources */ = {isa = PBXBuildFile; fileRef = EC6A99D0243911F30090BB90 /* SceneDelegate.swift */; };
		EC6A99D3243911F30090BB90 /* ViewController.swift in Sources */ = {isa = PBXBuildFile; fileRef = EC6A99D2243911F30090BB90 /* ViewController.swift */; };
		EC6A99D6243911F30090BB90 /* Main.storyboard in Resources */ = {isa = PBXBuildFile; fileRef = EC6A99D4243911F30090BB90 /* Main.storyboard */; };
		EC6A99D8243911F50090BB90 /* Assets.xcassets in Resources */ = {isa = PBXBuildFile; fileRef = EC6A99D7243911F50090BB90 /* Assets.xcassets */; };
		EC6A99DB243911F50090BB90 /* LaunchScreen.storyboard in Resources */ = {isa = PBXBuildFile; fileRef = EC6A99D9243911F50090BB90 /* LaunchScreen.storyboard */; };
		EC6A99E3243915330090BB90 /* Airpods.gif in Resources */ = {isa = PBXBuildFile; fileRef = EC6A99E2243915330090BB90 /* Airpods.gif */; };
		EC6A99E52439181E0090BB90 /* NotificationBase.swift in Sources */ = {isa = PBXBuildFile; fileRef = EC6A99E42439181E0090BB90 /* NotificationBase.swift */; };
		EC6A99E7243919520090BB90 /* Scratchpad.swift in Sources */ = {isa = PBXBuildFile; fileRef = EC6A99E6243919520090BB90 /* Scratchpad.swift */; };
		EC6A9A13243934D40090BB90 /* UserNotifications.framework in Frameworks */ = {isa = PBXBuildFile; fileRef = EC6A99FC243920000090BB90 /* UserNotifications.framework */; };
		EC6A9A14243934D40090BB90 /* UserNotificationsUI.framework in Frameworks */ = {isa = PBXBuildFile; fileRef = EC6A99FB243920000090BB90 /* UserNotificationsUI.framework */; };
		EC6A9A17243934D40090BB90 /* NotificationViewController.swift in Sources */ = {isa = PBXBuildFile; fileRef = EC6A9A16243934D40090BB90 /* NotificationViewController.swift */; };
		EC6A9A1A243934D40090BB90 /* MainInterface.storyboard in Resources */ = {isa = PBXBuildFile; fileRef = EC6A9A18243934D40090BB90 /* MainInterface.storyboard */; };
		EC6A9A1E243934D40090BB90 /* Headphone Content Extension.appex in Embed App Extensions */ = {isa = PBXBuildFile; fileRef = EC6A9A12243934D40090BB90 /* Headphone Content Extension.appex */; settings = {ATTRIBUTES = (RemoveHeadersOnCopy, ); }; };
		EC6A9A22243936C90090BB90 /* Assets.xcassets in Resources */ = {isa = PBXBuildFile; fileRef = EC6A99D7243911F50090BB90 /* Assets.xcassets */; };
		EC6A9A2524393BED0090BB90 /* SwiftyGif in Frameworks */ = {isa = PBXBuildFile; productRef = EC6A9A2424393BED0090BB90 /* SwiftyGif */; };
		EC6A9A28243940040090BB90 /* Airpods.gif in Resources */ = {isa = PBXBuildFile; fileRef = EC6A99E2243915330090BB90 /* Airpods.gif */; };
		ECF33CEF243B1DE000B56D38 /* headphones.png in Resources */ = {isa = PBXBuildFile; fileRef = ECF33CEE243B1DE000B56D38 /* headphones.png */; };
/* End PBXBuildFile section */

/* Begin PBXContainerItemProxy section */
		EC6A9A1C243934D40090BB90 /* PBXContainerItemProxy */ = {
			isa = PBXContainerItemProxy;
			containerPortal = EC6A99C3243911F30090BB90 /* Project object */;
			proxyType = 1;
			remoteGlobalIDString = EC6A9A11243934D40090BB90;
			remoteInfo = "Headphone Content Extension";
		};
/* End PBXContainerItemProxy section */

/* Begin PBXCopyFilesBuildPhase section */
		EC6A99F724391B450090BB90 /* Embed App Extensions */ = {
			isa = PBXCopyFilesBuildPhase;
			buildActionMask = 2147483647;
			dstPath = "";
			dstSubfolderSpec = 13;
			files = (
				EC6A9A1E243934D40090BB90 /* Headphone Content Extension.appex in Embed App Extensions */,
			);
			name = "Embed App Extensions";
			runOnlyForDeploymentPostprocessing = 0;
		};
/* End PBXCopyFilesBuildPhase section */

/* Begin PBXFileReference section */
		EC6A99CB243911F30090BB90 /* Beacon Notify.app */ = {isa = PBXFileReference; explicitFileType = wrapper.application; includeInIndex = 0; path = "Beacon Notify.app"; sourceTree = BUILT_PRODUCTS_DIR; };
		EC6A99CE243911F30090BB90 /* AppDelegate.swift */ = {isa = PBXFileReference; lastKnownFileType = sourcecode.swift; path = AppDelegate.swift; sourceTree = "<group>"; };
		EC6A99D0243911F30090BB90 /* SceneDelegate.swift */ = {isa = PBXFileReference; lastKnownFileType = sourcecode.swift; path = SceneDelegate.swift; sourceTree = "<group>"; };
		EC6A99D2243911F30090BB90 /* ViewController.swift */ = {isa = PBXFileReference; lastKnownFileType = sourcecode.swift; path = ViewController.swift; sourceTree = "<group>"; };
		EC6A99D5243911F30090BB90 /* Base */ = {isa = PBXFileReference; lastKnownFileType = file.storyboard; name = Base; path = Base.lproj/Main.storyboard; sourceTree = "<group>"; };
		EC6A99D7243911F50090BB90 /* Assets.xcassets */ = {isa = PBXFileReference; lastKnownFileType = folder.assetcatalog; path = Assets.xcassets; sourceTree = "<group>"; };
		EC6A99DA243911F50090BB90 /* Base */ = {isa = PBXFileReference; lastKnownFileType = file.storyboard; name = Base; path = Base.lproj/LaunchScreen.storyboard; sourceTree = "<group>"; };
		EC6A99DC243911F50090BB90 /* Info.plist */ = {isa = PBXFileReference; lastKnownFileType = text.plist.xml; path = Info.plist; sourceTree = "<group>"; };
		EC6A99E2243915330090BB90 /* Airpods.gif */ = {isa = PBXFileReference; lastKnownFileType = image.gif; name = Airpods.gif; path = Assets.xcassets/Airpods.dataset/Airpods.gif; sourceTree = "<group>"; };
		EC6A99E42439181E0090BB90 /* NotificationBase.swift */ = {isa = PBXFileReference; lastKnownFileType = sourcecode.swift; path = NotificationBase.swift; sourceTree = "<group>"; };
		EC6A99E6243919520090BB90 /* Scratchpad.swift */ = {isa = PBXFileReference; lastKnownFileType = sourcecode.swift; path = Scratchpad.swift; sourceTree = "<group>"; };
		EC6A99FB243920000090BB90 /* UserNotificationsUI.framework */ = {isa = PBXFileReference; lastKnownFileType = wrapper.framework; name = UserNotificationsUI.framework; path = System/Library/Frameworks/UserNotificationsUI.framework; sourceTree = SDKROOT; };
		EC6A99FC243920000090BB90 /* UserNotifications.framework */ = {isa = PBXFileReference; lastKnownFileType = wrapper.framework; name = UserNotifications.framework; path = System/Library/Frameworks/UserNotifications.framework; sourceTree = SDKROOT; };
		EC6A9A12243934D40090BB90 /* Headphone Content Extension.appex */ = {isa = PBXFileReference; explicitFileType = "wrapper.app-extension"; includeInIndex = 0; path = "Headphone Content Extension.appex"; sourceTree = BUILT_PRODUCTS_DIR; };
		EC6A9A16243934D40090BB90 /* NotificationViewController.swift */ = {isa = PBXFileReference; lastKnownFileType = sourcecode.swift; path = NotificationViewController.swift; sourceTree = "<group>"; };
		EC6A9A19243934D40090BB90 /* Base */ = {isa = PBXFileReference; lastKnownFileType = file.storyboard; name = Base; path = Base.lproj/MainInterface.storyboard; sourceTree = "<group>"; };
		EC6A9A1B243934D40090BB90 /* Info.plist */ = {isa = PBXFileReference; lastKnownFileType = text.plist.xml; path = Info.plist; sourceTree = "<group>"; };
		ECF33CEE243B1DE000B56D38 /* headphones.png */ = {isa = PBXFileReference; lastKnownFileType = image.png; path = headphones.png; sourceTree = "<group>"; };
/* End PBXFileReference section */

/* Begin PBXFrameworksBuildPhase section */
		EC6A99C8243911F30090BB90 /* Frameworks */ = {
			isa = PBXFrameworksBuildPhase;
			buildActionMask = 2147483647;
			files = (
			);
			runOnlyForDeploymentPostprocessing = 0;
		};
		EC6A9A0F243934D40090BB90 /* Frameworks */ = {
			isa = PBXFrameworksBuildPhase;
			buildActionMask = 2147483647;
			files = (
				EC6A9A14243934D40090BB90 /* UserNotificationsUI.framework in Frameworks */,
				EC6A9A13243934D40090BB90 /* UserNotifications.framework in Frameworks */,
				EC6A9A2524393BED0090BB90 /* SwiftyGif in Frameworks */,
			);
			runOnlyForDeploymentPostprocessing = 0;
		};
/* End PBXFrameworksBuildPhase section */

/* Begin PBXGroup section */
		EC6A99C2243911F30090BB90 = {
			isa = PBXGroup;
			children = (
				EC6A99CD243911F30090BB90 /* Beacon Notify */,
				EC6A9A15243934D40090BB90 /* Headphone Content Extension */,
				EC6A99CC243911F30090BB90 /* Products */,
				EC6A99FA243920000090BB90 /* Frameworks */,
			);
			sourceTree = "<group>";
		};
		EC6A99CC243911F30090BB90 /* Products */ = {
			isa = PBXGroup;
			children = (
				EC6A99CB243911F30090BB90 /* Beacon Notify.app */,
				EC6A9A12243934D40090BB90 /* Headphone Content Extension.appex */,
			);
			name = Products;
			sourceTree = "<group>";
		};
		EC6A99CD243911F30090BB90 /* Beacon Notify */ = {
			isa = PBXGroup;
			children = (
				EC6A99CE243911F30090BB90 /* AppDelegate.swift */,
				EC6A99D0243911F30090BB90 /* SceneDelegate.swift */,
				EC6A99D2243911F30090BB90 /* ViewController.swift */,
				EC6A99E42439181E0090BB90 /* NotificationBase.swift */,
				EC6A99D4243911F30090BB90 /* Main.storyboard */,
				EC6A99D7243911F50090BB90 /* Assets.xcassets */,
				EC6A99D9243911F50090BB90 /* LaunchScreen.storyboard */,
				EC6A99E2243915330090BB90 /* Airpods.gif */,
				ECF33CEE243B1DE000B56D38 /* headphones.png */,
				EC6A99DC243911F50090BB90 /* Info.plist */,
				EC6A99E6243919520090BB90 /* Scratchpad.swift */,
			);
			path = "Beacon Notify";
			sourceTree = "<group>";
		};
		EC6A99FA243920000090BB90 /* Frameworks */ = {
			isa = PBXGroup;
			children = (
				EC6A99FC243920000090BB90 /* UserNotifications.framework */,
				EC6A99FB243920000090BB90 /* UserNotificationsUI.framework */,
			);
			name = Frameworks;
			sourceTree = "<group>";
		};
		EC6A9A15243934D40090BB90 /* Headphone Content Extension */ = {
			isa = PBXGroup;
			children = (
				EC6A9A16243934D40090BB90 /* NotificationViewController.swift */,
				EC6A9A18243934D40090BB90 /* MainInterface.storyboard */,
				EC6A9A1B243934D40090BB90 /* Info.plist */,
			);
			path = "Headphone Content Extension";
			sourceTree = "<group>";
		};
/* End PBXGroup section */

/* Begin PBXNativeTarget section */
		EC6A99CA243911F30090BB90 /* Beacon Notify */ = {
			isa = PBXNativeTarget;
			buildConfigurationList = EC6A99DF243911F50090BB90 /* Build configuration list for PBXNativeTarget "Beacon Notify" */;
			buildPhases = (
				EC6A99C7243911F30090BB90 /* Sources */,
				EC6A99C8243911F30090BB90 /* Frameworks */,
				EC6A99C9243911F30090BB90 /* Resources */,
				EC6A99F724391B450090BB90 /* Embed App Extensions */,
			);
			buildRules = (
			);
			dependencies = (
				EC6A9A1D243934D40090BB90 /* PBXTargetDependency */,
			);
			name = "Beacon Notify";
			packageProductDependencies = (
			);
			productName = "Beacon Notify";
			productReference = EC6A99CB243911F30090BB90 /* Beacon Notify.app */;
			productType = "com.apple.product-type.application";
		};
		EC6A9A11243934D40090BB90 /* Headphone Content Extension */ = {
			isa = PBXNativeTarget;
			buildConfigurationList = EC6A9A1F243934D40090BB90 /* Build configuration list for PBXNativeTarget "Headphone Content Extension" */;
			buildPhases = (
				EC6A9A0E243934D40090BB90 /* Sources */,
				EC6A9A0F243934D40090BB90 /* Frameworks */,
				EC6A9A10243934D40090BB90 /* Resources */,
			);
			buildRules = (
			);
			dependencies = (
			);
			name = "Headphone Content Extension";
			packageProductDependencies = (
				EC6A9A2424393BED0090BB90 /* SwiftyGif */,
			);
			productName = "Headphone Content Extension";
			productReference = EC6A9A12243934D40090BB90 /* Headphone Content Extension.appex */;
			productType = "com.apple.product-type.app-extension";
		};
/* End PBXNativeTarget section */

/* Begin PBXProject section */
		EC6A99C3243911F30090BB90 /* Project object */ = {
			isa = PBXProject;
			attributes = {
				LastSwiftUpdateCheck = 1140;
				LastUpgradeCheck = 1140;
				ORGANIZATIONNAME = "Narcis Zait";
				TargetAttributes = {
					EC6A99CA243911F30090BB90 = {
						CreatedOnToolsVersion = 11.4;
					};
					EC6A9A11243934D40090BB90 = {
						CreatedOnToolsVersion = 11.4;
					};
				};
			};
			buildConfigurationList = EC6A99C6243911F30090BB90 /* Build configuration list for PBXProject "Beacon Notify" */;
			compatibilityVersion = "Xcode 9.3";
			developmentRegion = en;
			hasScannedForEncodings = 0;
			knownRegions = (
				en,
				Base,
			);
			mainGroup = EC6A99C2243911F30090BB90;
			packageReferences = (
				EC6A9A2324393BED0090BB90 /* XCRemoteSwiftPackageReference "SwiftyGif" */,
			);
			productRefGroup = EC6A99CC243911F30090BB90 /* Products */;
			projectDirPath = "";
			projectRoot = "";
			targets = (
				EC6A99CA243911F30090BB90 /* Beacon Notify */,
				EC6A9A11243934D40090BB90 /* Headphone Content Extension */,
			);
		};
/* End PBXProject section */

/* Begin PBXResourcesBuildPhase section */
		EC6A99C9243911F30090BB90 /* Resources */ = {
			isa = PBXResourcesBuildPhase;
			buildActionMask = 2147483647;
			files = (
				EC6A99DB243911F50090BB90 /* LaunchScreen.storyboard in Resources */,
				ECF33CEF243B1DE000B56D38 /* headphones.png in Resources */,
				EC6A99D8243911F50090BB90 /* Assets.xcassets in Resources */,
				EC6A99D6243911F30090BB90 /* Main.storyboard in Resources */,
				EC6A99E3243915330090BB90 /* Airpods.gif in Resources */,
			);
			runOnlyForDeploymentPostprocessing = 0;
		};
		EC6A9A10243934D40090BB90 /* Resources */ = {
			isa = PBXResourcesBuildPhase;
			buildActionMask = 2147483647;
			files = (
				EC6A9A28243940040090BB90 /* Airpods.gif in Resources */,
				EC6A9A22243936C90090BB90 /* Assets.xcassets in Resources */,
				EC6A9A1A243934D40090BB90 /* MainInterface.storyboard in Resources */,
			);
			runOnlyForDeploymentPostprocessing = 0;
		};
/* End PBXResourcesBuildPhase section */

/* Begin PBXSourcesBuildPhase section */
		EC6A99C7243911F30090BB90 /* Sources */ = {
			isa = PBXSourcesBuildPhase;
			buildActionMask = 2147483647;
			files = (
				EC6A99D3243911F30090BB90 /* ViewController.swift in Sources */,
				EC6A99E7243919520090BB90 /* Scratchpad.swift in Sources */,
				EC6A99CF243911F30090BB90 /* AppDelegate.swift in Sources */,
				EC6A99D1243911F30090BB90 /* SceneDelegate.swift in Sources */,
				EC6A99E52439181E0090BB90 /* NotificationBase.swift in Sources */,
			);
			runOnlyForDeploymentPostprocessing = 0;
		};
		EC6A9A0E243934D40090BB90 /* Sources */ = {
			isa = PBXSourcesBuildPhase;
			buildActionMask = 2147483647;
			files = (
				EC6A9A17243934D40090BB90 /* NotificationViewController.swift in Sources */,
			);
			runOnlyForDeploymentPostprocessing = 0;
		};
/* End PBXSourcesBuildPhase section */

/* Begin PBXTargetDependency section */
		EC6A9A1D243934D40090BB90 /* PBXTargetDependency */ = {
			isa = PBXTargetDependency;
			target = EC6A9A11243934D40090BB90 /* Headphone Content Extension */;
			targetProxy = EC6A9A1C243934D40090BB90 /* PBXContainerItemProxy */;
		};
/* End PBXTargetDependency section */

/* Begin PBXVariantGroup section */
		EC6A99D4243911F30090BB90 /* Main.storyboard */ = {
			isa = PBXVariantGroup;
			children = (
				EC6A99D5243911F30090BB90 /* Base */,
			);
			name = Main.storyboard;
			sourceTree = "<group>";
		};
		EC6A99D9243911F50090BB90 /* LaunchScreen.storyboard */ = {
			isa = PBXVariantGroup;
			children = (
				EC6A99DA243911F50090BB90 /* Base */,
			);
			name = LaunchScreen.storyboard;
			sourceTree = "<group>";
		};
		EC6A9A18243934D40090BB90 /* MainInterface.storyboard */ = {
			isa = PBXVariantGroup;
			children = (
				EC6A9A19243934D40090BB90 /* Base */,
			);
			name = MainInterface.storyboard;
			sourceTree = "<group>";
		};
/* End PBXVariantGroup section */

/* Begin XCBuildConfiguration section */
		EC6A99DD243911F50090BB90 /* Debug */ = {
			isa = XCBuildConfiguration;
			buildSettings = {
				ALWAYS_SEARCH_USER_PATHS = NO;
				CLANG_ANALYZER_NONNULL = YES;
				CLANG_ANALYZER_NUMBER_OBJECT_CONVERSION = YES_AGGRESSIVE;
				CLANG_CXX_LANGUAGE_STANDARD = "gnu++14";
				CLANG_CXX_LIBRARY = "libc++";
				CLANG_ENABLE_MODULES = YES;
				CLANG_ENABLE_OBJC_ARC = YES;
				CLANG_ENABLE_OBJC_WEAK = YES;
				CLANG_WARN_BLOCK_CAPTURE_AUTORELEASING = YES;
				CLANG_WARN_BOOL_CONVERSION = YES;
				CLANG_WARN_COMMA = YES;
				CLANG_WARN_CONSTANT_CONVERSION = YES;
				CLANG_WARN_DEPRECATED_OBJC_IMPLEMENTATIONS = YES;
				CLANG_WARN_DIRECT_OBJC_ISA_USAGE = YES_ERROR;
				CLANG_WARN_DOCUMENTATION_COMMENTS = YES;
				CLANG_WARN_EMPTY_BODY = YES;
				CLANG_WARN_ENUM_CONVERSION = YES;
				CLANG_WARN_INFINITE_RECURSION = YES;
				CLANG_WARN_INT_CONVERSION = YES;
				CLANG_WARN_NON_LITERAL_NULL_CONVERSION = YES;
				CLANG_WARN_OBJC_IMPLICIT_RETAIN_SELF = YES;
				CLANG_WARN_OBJC_LITERAL_CONVERSION = YES;
				CLANG_WARN_OBJC_ROOT_CLASS = YES_ERROR;
				CLANG_WARN_RANGE_LOOP_ANALYSIS = YES;
				CLANG_WARN_STRICT_PROTOTYPES = YES;
				CLANG_WARN_SUSPICIOUS_MOVE = YES;
				CLANG_WARN_UNGUARDED_AVAILABILITY = YES_AGGRESSIVE;
				CLANG_WARN_UNREACHABLE_CODE = YES;
				CLANG_WARN__DUPLICATE_METHOD_MATCH = YES;
				COPY_PHASE_STRIP = NO;
				DEBUG_INFORMATION_FORMAT = dwarf;
				ENABLE_STRICT_OBJC_MSGSEND = YES;
				ENABLE_TESTABILITY = YES;
				GCC_C_LANGUAGE_STANDARD = gnu11;
				GCC_DYNAMIC_NO_PIC = NO;
				GCC_NO_COMMON_BLOCKS = YES;
				GCC_OPTIMIZATION_LEVEL = 0;
				GCC_PREPROCESSOR_DEFINITIONS = (
					"DEBUG=1",
					"$(inherited)",
				);
				GCC_WARN_64_TO_32_BIT_CONVERSION = YES;
				GCC_WARN_ABOUT_RETURN_TYPE = YES_ERROR;
				GCC_WARN_UNDECLARED_SELECTOR = YES;
				GCC_WARN_UNINITIALIZED_AUTOS = YES_AGGRESSIVE;
				GCC_WARN_UNUSED_FUNCTION = YES;
				GCC_WARN_UNUSED_VARIABLE = YES;
				IPHONEOS_DEPLOYMENT_TARGET = 13.4;
				MTL_ENABLE_DEBUG_INFO = INCLUDE_SOURCE;
				MTL_FAST_MATH = YES;
				ONLY_ACTIVE_ARCH = YES;
				SDKROOT = iphoneos;
				SWIFT_ACTIVE_COMPILATION_CONDITIONS = DEBUG;
				SWIFT_OPTIMIZATION_LEVEL = "-Onone";
			};
			name = Debug;
		};
		EC6A99DE243911F50090BB90 /* Release */ = {
			isa = XCBuildConfiguration;
			buildSettings = {
				ALWAYS_SEARCH_USER_PATHS = NO;
				CLANG_ANALYZER_NONNULL = YES;
				CLANG_ANALYZER_NUMBER_OBJECT_CONVERSION = YES_AGGRESSIVE;
				CLANG_CXX_LANGUAGE_STANDARD = "gnu++14";
				CLANG_CXX_LIBRARY = "libc++";
				CLANG_ENABLE_MODULES = YES;
				CLANG_ENABLE_OBJC_ARC = YES;
				CLANG_ENABLE_OBJC_WEAK = YES;
				CLANG_WARN_BLOCK_CAPTURE_AUTORELEASING = YES;
				CLANG_WARN_BOOL_CONVERSION = YES;
				CLANG_WARN_COMMA = YES;
				CLANG_WARN_CONSTANT_CONVERSION = YES;
				CLANG_WARN_DEPRECATED_OBJC_IMPLEMENTATIONS = YES;
				CLANG_WARN_DIRECT_OBJC_ISA_USAGE = YES_ERROR;
				CLANG_WARN_DOCUMENTATION_COMMENTS = YES;
				CLANG_WARN_EMPTY_BODY = YES;
				CLANG_WARN_ENUM_CONVERSION = YES;
				CLANG_WARN_INFINITE_RECURSION = YES;
				CLANG_WARN_INT_CONVERSION = YES;
				CLANG_WARN_NON_LITERAL_NULL_CONVERSION = YES;
				CLANG_WARN_OBJC_IMPLICIT_RETAIN_SELF = YES;
				CLANG_WARN_OBJC_LITERAL_CONVERSION = YES;
				CLANG_WARN_OBJC_ROOT_CLASS = YES_ERROR;
				CLANG_WARN_RANGE_LOOP_ANALYSIS = YES;
				CLANG_WARN_STRICT_PROTOTYPES = YES;
				CLANG_WARN_SUSPICIOUS_MOVE = YES;
				CLANG_WARN_UNGUARDED_AVAILABILITY = YES_AGGRESSIVE;
				CLANG_WARN_UNREACHABLE_CODE = YES;
				CLANG_WARN__DUPLICATE_METHOD_MATCH = YES;
				COPY_PHASE_STRIP = NO;
				DEBUG_INFORMATION_FORMAT = "dwarf-with-dsym";
				ENABLE_NS_ASSERTIONS = NO;
				ENABLE_STRICT_OBJC_MSGSEND = YES;
				GCC_C_LANGUAGE_STANDARD = gnu11;
				GCC_NO_COMMON_BLOCKS = YES;
				GCC_WARN_64_TO_32_BIT_CONVERSION = YES;
				GCC_WARN_ABOUT_RETURN_TYPE = YES_ERROR;
				GCC_WARN_UNDECLARED_SELECTOR = YES;
				GCC_WARN_UNINITIALIZED_AUTOS = YES_AGGRESSIVE;
				GCC_WARN_UNUSED_FUNCTION = YES;
				GCC_WARN_UNUSED_VARIABLE = YES;
				IPHONEOS_DEPLOYMENT_TARGET = 13.4;
				MTL_ENABLE_DEBUG_INFO = NO;
				MTL_FAST_MATH = YES;
				SDKROOT = iphoneos;
				SWIFT_COMPILATION_MODE = wholemodule;
				SWIFT_OPTIMIZATION_LEVEL = "-O";
				VALIDATE_PRODUCT = YES;
			};
			name = Release;
		};
		EC6A99E0243911F50090BB90 /* Debug */ = {
			isa = XCBuildConfiguration;
			buildSettings = {
				ALWAYS_EMBED_SWIFT_STANDARD_LIBRARIES = YES;
				ASSETCATALOG_COMPILER_APPICON_NAME = AppIcon;
				CODE_SIGN_STYLE = Automatic;
				DEVELOPMENT_TEAM = C5N5BYSRY5;
				INFOPLIST_FILE = "Beacon Notify/Info.plist";
				LD_RUNPATH_SEARCH_PATHS = (
					"$(inherited)",
					"@executable_path/Frameworks",
				);
				PRODUCT_BUNDLE_IDENTIFIER = "com.narcis.Beacon-Notify";
				PRODUCT_NAME = "$(TARGET_NAME)";
				SWIFT_VERSION = 5.0;
				TARGETED_DEVICE_FAMILY = "1,2";
			};
			name = Debug;
		};
		EC6A99E1243911F50090BB90 /* Release */ = {
			isa = XCBuildConfiguration;
			buildSettings = {
				ALWAYS_EMBED_SWIFT_STANDARD_LIBRARIES = YES;
				ASSETCATALOG_COMPILER_APPICON_NAME = AppIcon;
				CODE_SIGN_STYLE = Automatic;
				DEVELOPMENT_TEAM = C5N5BYSRY5;
				INFOPLIST_FILE = "Beacon Notify/Info.plist";
				LD_RUNPATH_SEARCH_PATHS = (
					"$(inherited)",
					"@executable_path/Frameworks",
				);
				PRODUCT_BUNDLE_IDENTIFIER = "com.narcis.Beacon-Notify";
				PRODUCT_NAME = "$(TARGET_NAME)";
				SWIFT_VERSION = 5.0;
				TARGETED_DEVICE_FAMILY = "1,2";
			};
			name = Release;
		};
		EC6A9A20243934D40090BB90 /* Debug */ = {
			isa = XCBuildConfiguration;
			buildSettings = {
				CODE_SIGN_STYLE = Automatic;
				DEVELOPMENT_TEAM = C5N5BYSRY5;
				INFOPLIST_FILE = "Headphone Content Extension/Info.plist";
				LD_RUNPATH_SEARCH_PATHS = (
					"$(inherited)",
					"@executable_path/Frameworks",
					"@executable_path/../../Frameworks",
				);
				PRODUCT_BUNDLE_IDENTIFIER = "com.narcis.Beacon-Notify.Headphone-Content-Extension";
				PRODUCT_NAME = "$(TARGET_NAME)";
				SKIP_INSTALL = YES;
				SWIFT_VERSION = 5.0;
				TARGETED_DEVICE_FAMILY = "1,2";
			};
			name = Debug;
		};
		EC6A9A21243934D40090BB90 /* Release */ = {
			isa = XCBuildConfiguration;
			buildSettings = {
				CODE_SIGN_STYLE = Automatic;
				DEVELOPMENT_TEAM = C5N5BYSRY5;
				INFOPLIST_FILE = "Headphone Content Extension/Info.plist";
				LD_RUNPATH_SEARCH_PATHS = (
					"$(inherited)",
					"@executable_path/Frameworks",
					"@executable_path/../../Frameworks",
				);
				PRODUCT_BUNDLE_IDENTIFIER = "com.narcis.Beacon-Notify.Headphone-Content-Extension";
				PRODUCT_NAME = "$(TARGET_NAME)";
				SKIP_INSTALL = YES;
				SWIFT_VERSION = 5.0;
				TARGETED_DEVICE_FAMILY = "1,2";
			};
			name = Release;
		};
/* End XCBuildConfiguration section */

/* Begin XCConfigurationList section */
		EC6A99C6243911F30090BB90 /* Build configuration list for PBXProject "Beacon Notify" */ = {
			isa = XCConfigurationList;
			buildConfigurations = (
				EC6A99DD243911F50090BB90 /* Debug */,
				EC6A99DE243911F50090BB90 /* Release */,
			);
			defaultConfigurationIsVisible = 0;
			defaultConfigurationName = Release;
		};
		EC6A99DF243911F50090BB90 /* Build configuration list for PBXNativeTarget "Beacon Notify" */ = {
			isa = XCConfigurationList;
			buildConfigurations = (
				EC6A99E0243911F50090BB90 /* Debug */,
				EC6A99E1243911F50090BB90 /* Release */,
			);
			defaultConfigurationIsVisible = 0;
			defaultConfigurationName = Release;
		};
		EC6A9A1F243934D40090BB90 /* Build configuration list for PBXNativeTarget "Headphone Content Extension" */ = {
			isa = XCConfigurationList;
			buildConfigurations = (
				EC6A9A20243934D40090BB90 /* Debug */,
				EC6A9A21243934D40090BB90 /* Release */,
			);
			defaultConfigurationIsVisible = 0;
			defaultConfigurationName = Release;
		};
/* End XCConfigurationList section */

/* Begin XCRemoteSwiftPackageReference section */
		EC6A9A2324393BED0090BB90 /* XCRemoteSwiftPackageReference "SwiftyGif" */ = {
			isa = XCRemoteSwiftPackageReference;
			repositoryURL = "https://github.com/kirualex/SwiftyGif.git";
			requirement = {
				kind = upToNextMajorVersion;
				minimumVersion = 5.2.0;
			};
		};
/* End XCRemoteSwiftPackageReference section */

/* Begin XCSwiftPackageProductDependency section */
		EC6A9A2424393BED0090BB90 /* SwiftyGif */ = {
			isa = XCSwiftPackageProductDependency;
			package = EC6A9A2324393BED0090BB90 /* XCRemoteSwiftPackageReference "SwiftyGif" */;
			productName = SwiftyGif;
		};
/* End XCSwiftPackageProductDependency section */
	};
	rootObject = EC6A99C3243911F30090BB90 /* Project object */;
}
